// !$*UTF8*$!
{
	archiveVersion = 1;
	classes = {
	};
	objectVersion = 46;
	objects = {

/* Begin PBXBuildFile section */
		803CB8A61EB8703E00964170 /* AppDelegate.swift in Sources */ = {isa = PBXBuildFile; fileRef = 803CB8A51EB8703E00964170 /* AppDelegate.swift */; };
		803CB8A81EB8703E00964170 /* ViewController.swift in Sources */ = {isa = PBXBuildFile; fileRef = 803CB8A71EB8703E00964170 /* ViewController.swift */; };
		803CB8AB1EB8703E00964170 /* Main.storyboard in Resources */ = {isa = PBXBuildFile; fileRef = 803CB8A91EB8703E00964170 /* Main.storyboard */; };
		803CB8AD1EB8703E00964170 /* Assets.xcassets in Resources */ = {isa = PBXBuildFile; fileRef = 803CB8AC1EB8703E00964170 /* Assets.xcassets */; };
		803CB8B01EB8703E00964170 /* LaunchScreen.storyboard in Resources */ = {isa = PBXBuildFile; fileRef = 803CB8AE1EB8703E00964170 /* LaunchScreen.storyboard */; };
		803CB8BB1EB8703E00964170 /* _0170502Tests.swift in Sources */ = {isa = PBXBuildFile; fileRef = 803CB8BA1EB8703E00964170 /* _0170502Tests.swift */; };
		803CB8C61EB8703E00964170 /* _0170502UITests.swift in Sources */ = {isa = PBXBuildFile; fileRef = 803CB8C51EB8703E00964170 /* _0170502UITests.swift */; };
/* End PBXBuildFile section */

/* Begin PBXContainerItemProxy section */
		803CB8B71EB8703E00964170 /* PBXContainerItemProxy */ = {
			isa = PBXContainerItemProxy;
			containerPortal = 803CB89A1EB8703E00964170 /* Project object */;
			proxyType = 1;
			remoteGlobalIDString = 803CB8A11EB8703E00964170;
			remoteInfo = 20170502;
		};
		803CB8C21EB8703E00964170 /* PBXContainerItemProxy */ = {
			isa = PBXContainerItemProxy;
			containerPortal = 803CB89A1EB8703E00964170 /* Project object */;
			proxyType = 1;
			remoteGlobalIDString = 803CB8A11EB8703E00964170;
			remoteInfo = 20170502;
		};
/* End PBXContainerItemProxy section */

/* Begin PBXFileReference section */
		803CB8A21EB8703E00964170 /* 20170502.app */ = {isa = PBXFileReference; explicitFileType = wrapper.application; includeInIndex = 0; path = 20170502.app; sourceTree = BUILT_PRODUCTS_DIR; };
		803CB8A51EB8703E00964170 /* AppDelegate.swift */ = {isa = PBXFileReference; lastKnownFileType = sourcecode.swift; path = AppDelegate.swift; sourceTree = "<group>"; };
		803CB8A71EB8703E00964170 /* ViewController.swift */ = {isa = PBXFileReference; lastKnownFileType = sourcecode.swift; path = ViewController.swift; sourceTree = "<group>"; };
		803CB8AA1EB8703E00964170 /* Base */ = {isa = PBXFileReference; lastKnownFileType = file.storyboard; name = Base; path = Base.lproj/Main.storyboard; sourceTree = "<group>"; };
		803CB8AC1EB8703E00964170 /* Assets.xcassets */ = {isa = PBXFileReference; lastKnownFileType = folder.assetcatalog; path = Assets.xcassets; sourceTree = "<group>"; };
		803CB8AF1EB8703E00964170 /* Base */ = {isa = PBXFileReference; lastKnownFileType = file.storyboard; name = Base; path = Base.lproj/LaunchScreen.storyboard; sourceTree = "<group>"; };
		803CB8B11EB8703E00964170 /* Info.plist */ = {isa = PBXFileReference; lastKnownFileType = text.plist.xml; path = Info.plist; sourceTree = "<group>"; };
		803CB8B61EB8703E00964170 /* 20170502Tests.xctest */ = {isa = PBXFileReference; explicitFileType = wrapper.cfbundle; includeInIndex = 0; path = 20170502Tests.xctest; sourceTree = BUILT_PRODUCTS_DIR; };
		803CB8BA1EB8703E00964170 /* _0170502Tests.swift */ = {isa = PBXFileReference; lastKnownFileType = sourcecode.swift; path = _0170502Tests.swift; sourceTree = "<group>"; };
		803CB8BC1EB8703E00964170 /* Info.plist */ = {isa = PBXFileReference; lastKnownFileType = text.plist.xml; path = Info.plist; sourceTree = "<group>"; };
		803CB8C11EB8703E00964170 /* 20170502UITests.xctest */ = {isa = PBXFileReference; explicitFileType = wrapper.cfbundle; includeInIndex = 0; path = 20170502UITests.xctest; sourceTree = BUILT_PRODUCTS_DIR; };
		803CB8C51EB8703E00964170 /* _0170502UITests.swift */ = {isa = PBXFileReference; lastKnownFileType = sourcecode.swift; path = _0170502UITests.swift; sourceTree = "<group>"; };
		803CB8C71EB8703E00964170 /* Info.plist */ = {isa = PBXFileReference; lastKnownFileType = text.plist.xml; path = Info.plist; sourceTree = "<group>"; };
/* End PBXFileReference section */

/* Begin PBXFrameworksBuildPhase section */
		803CB89F1EB8703E00964170 /* Frameworks */ = {
			isa = PBXFrameworksBuildPhase;
			buildActionMask = 2147483647;
			files = (
			);
			runOnlyForDeploymentPostprocessing = 0;
		};
		803CB8B31EB8703E00964170 /* Frameworks */ = {
			isa = PBXFrameworksBuildPhase;
			buildActionMask = 2147483647;
			files = (
			);
			runOnlyForDeploymentPostprocessing = 0;
		};
		803CB8BE1EB8703E00964170 /* Frameworks */ = {
			isa = PBXFrameworksBuildPhase;
			buildActionMask = 2147483647;
			files = (
			);
			runOnlyForDeploymentPostprocessing = 0;
		};
/* End PBXFrameworksBuildPhase section */

/* Begin PBXGroup section */
		803CB8991EB8703E00964170 = {
			isa = PBXGroup;
			children = (
				803CB8A41EB8703E00964170 /* 20170502 */,
				803CB8B91EB8703E00964170 /* 20170502Tests */,
				803CB8C41EB8703E00964170 /* 20170502UITests */,
				803CB8A31EB8703E00964170 /* Products */,
			);
			sourceTree = "<group>";
		};
		803CB8A31EB8703E00964170 /* Products */ = {
			isa = PBXGroup;
			children = (
				803CB8A21EB8703E00964170 /* 20170502.app */,
				803CB8B61EB8703E00964170 /* 20170502Tests.xctest */,
				803CB8C11EB8703E00964170 /* 20170502UITests.xctest */,
			);
			name = Products;
			sourceTree = "<group>";
		};
		803CB8A41EB8703E00964170 /* 20170502 */ = {
			isa = PBXGroup;
			children = (
				803CB8A51EB8703E00964170 /* AppDelegate.swift */,
				803CB8A71EB8703E00964170 /* ViewController.swift */,
				803CB8A91EB8703E00964170 /* Main.storyboard */,
				803CB8AC1EB8703E00964170 /* Assets.xcassets */,
				803CB8AE1EB8703E00964170 /* LaunchScreen.storyboard */,
				803CB8B11EB8703E00964170 /* Info.plist */,
			);
			path = 20170502;
			sourceTree = "<group>";
		};
		803CB8B91EB8703E00964170 /* 20170502Tests */ = {
			isa = PBXGroup;
			children = (
				803CB8BA1EB8703E00964170 /* _0170502Tests.swift */,
				803CB8BC1EB8703E00964170 /* Info.plist */,
			);
			path = 20170502Tests;
			sourceTree = "<group>";
		};
		803CB8C41EB8703E00964170 /* 20170502UITests */ = {
			isa = PBXGroup;
			children = (
				803CB8C51EB8703E00964170 /* _0170502UITests.swift */,
				803CB8C71EB8703E00964170 /* Info.plist */,
			);
			path = 20170502UITests;
			sourceTree = "<group>";
		};
/* End PBXGroup section */

/* Begin PBXNativeTarget section */
		803CB8A11EB8703E00964170 /* 20170502 */ = {
			isa = PBXNativeTarget;
			buildConfigurationList = 803CB8CA1EB8703E00964170 /* Build configuration list for PBXNativeTarget "20170502" */;
			buildPhases = (
				803CB89E1EB8703E00964170 /* Sources */,
				803CB89F1EB8703E00964170 /* Frameworks */,
				803CB8A01EB8703E00964170 /* Resources */,
			);
			buildRules = (
			);
			dependencies = (
			);
			name = 20170502;
			productName = 20170502;
			productReference = 803CB8A21EB8703E00964170 /* 20170502.app */;
			productType = "com.apple.product-type.application";
		};
		803CB8B51EB8703E00964170 /* 20170502Tests */ = {
			isa = PBXNativeTarget;
			buildConfigurationList = 803CB8CD1EB8703E00964170 /* Build configuration list for PBXNativeTarget "20170502Tests" */;
			buildPhases = (
				803CB8B21EB8703E00964170 /* Sources */,
				803CB8B31EB8703E00964170 /* Frameworks */,
				803CB8B41EB8703E00964170 /* Resources */,
			);
			buildRules = (
			);
			dependencies = (
				803CB8B81EB8703E00964170 /* PBXTargetDependency */,
			);
			name = 20170502Tests;
			productName = 20170502Tests;
			productReference = 803CB8B61EB8703E00964170 /* 20170502Tests.xctest */;
			productType = "com.apple.product-type.bundle.unit-test";
		};
		803CB8C01EB8703E00964170 /* 20170502UITests */ = {
			isa = PBXNativeTarget;
			buildConfigurationList = 803CB8D01EB8703E00964170 /* Build configuration list for PBXNativeTarget "20170502UITests" */;
			buildPhases = (
				803CB8BD1EB8703E00964170 /* Sources */,
				803CB8BE1EB8703E00964170 /* Frameworks */,
				803CB8BF1EB8703E00964170 /* Resources */,
			);
			buildRules = (
			);
			dependencies = (
				803CB8C31EB8703E00964170 /* PBXTargetDependency */,
			);
			name = 20170502UITests;
			productName = 20170502UITests;
			productReference = 803CB8C11EB8703E00964170 /* 20170502UITests.xctest */;
			productType = "com.apple.product-type.bundle.ui-testing";
		};
/* End PBXNativeTarget section */

/* Begin PBXProject section */
		803CB89A1EB8703E00964170 /* Project object */ = {
			isa = PBXProject;
			attributes = {
				LastSwiftUpdateCheck = 0830;
				LastUpgradeCheck = 0830;
				ORGANIZATIONNAME = juicemeart;
				TargetAttributes = {
					803CB8A11EB8703E00964170 = {
						CreatedOnToolsVersion = 8.3.1;
						ProvisioningStyle = Automatic;
					};
					803CB8B51EB8703E00964170 = {
						CreatedOnToolsVersion = 8.3.1;
						ProvisioningStyle = Automatic;
						TestTargetID = 803CB8A11EB8703E00964170;
					};
					803CB8C01EB8703E00964170 = {
						CreatedOnToolsVersion = 8.3.1;
						ProvisioningStyle = Automatic;
						TestTargetID = 803CB8A11EB8703E00964170;
					};
				};
			};
			buildConfigurationList = 803CB89D1EB8703E00964170 /* Build configuration list for PBXProject "20170502" */;
			compatibilityVersion = "Xcode 3.2";
			developmentRegion = English;
			hasScannedForEncodings = 0;
			knownRegions = (
				en,
				Base,
			);
			mainGroup = 803CB8991EB8703E00964170;
			productRefGroup = 803CB8A31EB8703E00964170 /* Products */;
			projectDirPath = "";
			projectRoot = "";
			targets = (
				803CB8A11EB8703E00964170 /* 20170502 */,
				803CB8B51EB8703E00964170 /* 20170502Tests */,
				803CB8C01EB8703E00964170 /* 20170502UITests */,
			);
		};
/* End PBXProject section */

/* Begin PBXResourcesBuildPhase section */
		803CB8A01EB8703E00964170 /* Resources */ = {
			isa = PBXResourcesBuildPhase;
			buildActionMask = 2147483647;
			files = (
				803CB8B01EB8703E00964170 /* LaunchScreen.storyboard in Resources */,
				803CB8AD1EB8703E00964170 /* Assets.xcassets in Resources */,
				803CB8AB1EB8703E00964170 /* Main.storyboard in Resources */,
			);
			runOnlyForDeploymentPostprocessing = 0;
		};
		803CB8B41EB8703E00964170 /* Resources */ = {
			isa = PBXResourcesBuildPhase;
			buildActionMask = 2147483647;
			files = (
			);
			runOnlyForDeploymentPostprocessing = 0;
		};
		803CB8BF1EB8703E00964170 /* Resources */ = {
			isa = PBXResourcesBuildPhase;
			buildActionMask = 2147483647;
			files = (
			);
			runOnlyForDeploymentPostprocessing = 0;
		};
/* End PBXResourcesBuildPhase section */

/* Begin PBXSourcesBuildPhase section */
		803CB89E1EB8703E00964170 /* Sources */ = {
			isa = PBXSourcesBuildPhase;
			buildActionMask = 2147483647;
			files = (
				803CB8A81EB8703E00964170 /* ViewController.swift in Sources */,
				803CB8A61EB8703E00964170 /* AppDelegate.swift in Sources */,
			);
			runOnlyForDeploymentPostprocessing = 0;
		};
		803CB8B21EB8703E00964170 /* Sources */ = {
			isa = PBXSourcesBuildPhase;
			buildActionMask = 2147483647;
			files = (
				803CB8BB1EB8703E00964170 /* _0170502Tests.swift in Sources */,
			);
			runOnlyForDeploymentPostprocessing = 0;
		};
		803CB8BD1EB8703E00964170 /* Sources */ = {
			isa = PBXSourcesBuildPhase;
			buildActionMask = 2147483647;
			files = (
				803CB8C61EB8703E00964170 /* _0170502UITests.swift in Sources */,
			);
			runOnlyForDeploymentPostprocessing = 0;
		};
/* End PBXSourcesBuildPhase section */

/* Begin PBXTargetDependency section */
		803CB8B81EB8703E00964170 /* PBXTargetDependency */ = {
			isa = PBXTargetDependency;
			target = 803CB8A11EB8703E00964170 /* 20170502 */;
			targetProxy = 803CB8B71EB8703E00964170 /* PBXContainerItemProxy */;
		};
		803CB8C31EB8703E00964170 /* PBXTargetDependency */ = {
			isa = PBXTargetDependency;
			target = 803CB8A11EB8703E00964170 /* 20170502 */;
			targetProxy = 803CB8C21EB8703E00964170 /* PBXContainerItemProxy */;
		};
/* End PBXTargetDependency section */

/* Begin PBXVariantGroup section */
		803CB8A91EB8703E00964170 /* Main.storyboard */ = {
			isa = PBXVariantGroup;
			children = (
				803CB8AA1EB8703E00964170 /* Base */,
			);
			name = Main.storyboard;
			sourceTree = "<group>";
		};
		803CB8AE1EB8703E00964170 /* LaunchScreen.storyboard */ = {
			isa = PBXVariantGroup;
			children = (
				803CB8AF1EB8703E00964170 /* Base */,
			);
			name = LaunchScreen.storyboard;
			sourceTree = "<group>";
		};
/* End PBXVariantGroup section */

/* Begin XCBuildConfiguration section */
		803CB8C81EB8703E00964170 /* Debug */ = {
			isa = XCBuildConfiguration;
			buildSettings = {
				ALWAYS_SEARCH_USER_PATHS = NO;
				CLANG_ANALYZER_NONNULL = YES;
				CLANG_ANALYZER_NUMBER_OBJECT_CONVERSION = YES_AGGRESSIVE;
				CLANG_CXX_LANGUAGE_STANDARD = "gnu++0x";
				CLANG_CXX_LIBRARY = "libc++";
				CLANG_ENABLE_MODULES = YES;
				CLANG_ENABLE_OBJC_ARC = YES;
				CLANG_WARN_BOOL_CONVERSION = YES;
				CLANG_WARN_CONSTANT_CONVERSION = YES;
				CLANG_WARN_DIRECT_OBJC_ISA_USAGE = YES_ERROR;
				CLANG_WARN_DOCUMENTATION_COMMENTS = YES;
				CLANG_WARN_EMPTY_BODY = YES;
				CLANG_WARN_ENUM_CONVERSION = YES;
				CLANG_WARN_INFINITE_RECURSION = YES;
				CLANG_WARN_INT_CONVERSION = YES;
				CLANG_WARN_OBJC_ROOT_CLASS = YES_ERROR;
				CLANG_WARN_SUSPICIOUS_MOVE = YES;
				CLANG_WARN_UNREACHABLE_CODE = YES;
				CLANG_WARN__DUPLICATE_METHOD_MATCH = YES;
				"CODE_SIGN_IDENTITY[sdk=iphoneos*]" = "iPhone Developer";
				COPY_PHASE_STRIP = NO;
				DEBUG_INFORMATION_FORMAT = dwarf;
				ENABLE_STRICT_OBJC_MSGSEND = YES;
				ENABLE_TESTABILITY = YES;
				GCC_C_LANGUAGE_STANDARD = gnu99;
				GCC_DYNAMIC_NO_PIC = NO;
				GCC_NO_COMMON_BLOCKS = YES;
				GCC_OPTIMIZATION_LEVEL = 0;
				GCC_PREPROCESSOR_DEFINITIONS = (
					"DEBUG=1",
					"$(inherited)",
				);
				GCC_WARN_64_TO_32_BIT_CONVERSION = YES;
				GCC_WARN_ABOUT_RETURN_TYPE = YES_ERROR;
				GCC_WARN_UNDECLARED_SELECTOR = YES;
				GCC_WARN_UNINITIALIZED_AUTOS = YES_AGGRESSIVE;
				GCC_WARN_UNUSED_FUNCTION = YES;
				GCC_WARN_UNUSED_VARIABLE = YES;
				IPHONEOS_DEPLOYMENT_TARGET = 10.3;
				MTL_ENABLE_DEBUG_INFO = YES;
				ONLY_ACTIVE_ARCH = YES;
				SDKROOT = iphoneos;
				SWIFT_ACTIVE_COMPILATION_CONDITIONS = DEBUG;
				SWIFT_OPTIMIZATION_LEVEL = "-Onone";
			};
			name = Debug;
		};
		803CB8C91EB8703E00964170 /* Release */ = {
			isa = XCBuildConfiguration;
			buildSettings = {
				ALWAYS_SEARCH_USER_PATHS = NO;
				CLANG_ANALYZER_NONNULL = YES;
				CLANG_ANALYZER_NUMBER_OBJECT_CONVERSION = YES_AGGRESSIVE;
				CLANG_CXX_LANGUAGE_STANDARD = "gnu++0x";
				CLANG_CXX_LIBRARY = "libc++";
				CLANG_ENABLE_MODULES = YES;
				CLANG_ENABLE_OBJC_ARC = YES;
				CLANG_WARN_BOOL_CONVERSION = YES;
				CLANG_WARN_CONSTANT_CONVERSION = YES;
				CLANG_WARN_DIRECT_OBJC_ISA_USAGE = YES_ERROR;
				CLANG_WARN_DOCUMENTATION_COMMENTS = YES;
				CLANG_WARN_EMPTY_BODY = YES;
				CLANG_WARN_ENUM_CONVERSION = YES;
				CLANG_WARN_INFINITE_RECURSION = YES;
				CLANG_WARN_INT_CONVERSION = YES;
				CLANG_WARN_OBJC_ROOT_CLASS = YES_ERROR;
				CLANG_WARN_SUSPICIOUS_MOVE = YES;
				CLANG_WARN_UNREACHABLE_CODE = YES;
				CLANG_WARN__DUPLICATE_METHOD_MATCH = YES;
				"CODE_SIGN_IDENTITY[sdk=iphoneos*]" = "iPhone Developer";
				COPY_PHASE_STRIP = NO;
				DEBUG_INFORMATION_FORMAT = "dwarf-with-dsym";
				ENABLE_NS_ASSERTIONS = NO;
				ENABLE_STRICT_OBJC_MSGSEND = YES;
				GCC_C_LANGUAGE_STANDARD = gnu99;
				GCC_NO_COMMON_BLOCKS = YES;
				GCC_WARN_64_TO_32_BIT_CONVERSION = YES;
				GCC_WARN_ABOUT_RETURN_TYPE = YES_ERROR;
				GCC_WARN_UNDECLARED_SELECTOR = YES;
				GCC_WARN_UNINITIALIZED_AUTOS = YES_AGGRESSIVE;
				GCC_WARN_UNUSED_FUNCTION = YES;
				GCC_WARN_UNUSED_VARIABLE = YES;
				IPHONEOS_DEPLOYMENT_TARGET = 10.3;
				MTL_ENABLE_DEBUG_INFO = NO;
				SDKROOT = iphoneos;
				SWIFT_OPTIMIZATION_LEVEL = "-Owholemodule";
				VALIDATE_PRODUCT = YES;
			};
			name = Release;
		};
		803CB8CB1EB8703E00964170 /* Debug */ = {
			isa = XCBuildConfiguration;
			buildSettings = {
				ASSETCATALOG_COMPILER_APPICON_NAME = AppIcon;
				INFOPLIST_FILE = 20170502/Info.plist;
				LD_RUNPATH_SEARCH_PATHS = "$(inherited) @executable_path/Frameworks";
				PRODUCT_BUNDLE_IDENTIFIER = "com.Jascc.-0170502";
				PRODUCT_NAME = "$(TARGET_NAME)";
				SWIFT_VERSION = 3.0;
			};
			name = Debug;
		};
		803CB8CC1EB8703E00964170 /* Release */ = {
			isa = XCBuildConfiguration;
			buildSettings = {
				ASSETCATALOG_COMPILER_APPICON_NAME = AppIcon;
				INFOPLIST_FILE = 20170502/Info.plist;
				LD_RUNPATH_SEARCH_PATHS = "$(inherited) @executable_path/Frameworks";
				PRODUCT_BUNDLE_IDENTIFIER = "com.Jascc.-0170502";
				PRODUCT_NAME = "$(TARGET_NAME)";
				SWIFT_VERSION = 3.0;
			};
			name = Release;
		};
		803CB8CE1EB8703E00964170 /* Debug */ = {
			isa = XCBuildConfiguration;
			buildSettings = {
				ALWAYS_EMBED_SWIFT_STANDARD_LIBRARIES = YES;
				BUNDLE_LOADER = "$(TEST_HOST)";
				INFOPLIST_FILE = 20170502Tests/Info.plist;
				LD_RUNPATH_SEARCH_PATHS = "$(inherited) @executable_path/Frameworks @loader_path/Frameworks";
				PRODUCT_BUNDLE_IDENTIFIER = "com.Jascc.-0170502Tests";
				PRODUCT_NAME = "$(TARGET_NAME)";
				SWIFT_VERSION = 3.0;
				TEST_HOST = "$(BUILT_PRODUCTS_DIR)/20170502.app/20170502";
			};
			name = Debug;
		};
		803CB8CF1EB8703E00964170 /* Release */ = {
			isa = XCBuildConfiguration;
			buildSettings = {
				ALWAYS_EMBED_SWIFT_STANDARD_LIBRARIES = YES;
				BUNDLE_LOADER = "$(TEST_HOST)";
				INFOPLIST_FILE = 20170502Tests/Info.plist;
				LD_RUNPATH_SEARCH_PATHS = "$(inherited) @executable_path/Frameworks @loader_path/Frameworks";
				PRODUCT_BUNDLE_IDENTIFIER = "com.Jascc.-0170502Tests";
				PRODUCT_NAME = "$(TARGET_NAME)";
				SWIFT_VERSION = 3.0;
				TEST_HOST = "$(BUILT_PRODUCTS_DIR)/20170502.app/20170502";
			};
			name = Release;
		};
		803CB8D11EB8703E00964170 /* Debug */ = {
			isa = XCBuildConfiguration;
			buildSettings = {
				ALWAYS_EMBED_SWIFT_STANDARD_LIBRARIES = YES;
				INFOPLIST_FILE = 20170502UITests/Info.plist;
				LD_RUNPATH_SEARCH_PATHS = "$(inherited) @executable_path/Frameworks @loader_path/Frameworks";
				PRODUCT_BUNDLE_IDENTIFIER = "com.Jascc.-0170502UITests";
				PRODUCT_NAME = "$(TARGET_NAME)";
				SWIFT_VERSION = 3.0;
				TEST_TARGET_NAME = 20170502;
			};
			name = Debug;
		};
		803CB8D21EB8703E00964170 /* Release */ = {
			isa = XCBuildConfiguration;
			buildSettings = {
				ALWAYS_EMBED_SWIFT_STANDARD_LIBRARIES = YES;
				INFOPLIST_FILE = 20170502UITests/Info.plist;
				LD_RUNPATH_SEARCH_PATHS = "$(inherited) @executable_path/Frameworks @loader_path/Frameworks";
				PRODUCT_BUNDLE_IDENTIFIER = "com.Jascc.-0170502UITests";
				PRODUCT_NAME = "$(TARGET_NAME)";
				SWIFT_VERSION = 3.0;
				TEST_TARGET_NAME = 20170502;
			};
			name = Release;
		};
/* End XCBuildConfiguration section */

/* Begin XCConfigurationList section */
		803CB89D1EB8703E00964170 /* Build configuration list for PBXProject "20170502" */ = {
			isa = XCConfigurationList;
			buildConfigurations = (
				803CB8C81EB8703E00964170 /* Debug */,
				803CB8C91EB8703E00964170 /* Release */,
			);
			defaultConfigurationIsVisible = 0;
			defaultConfigurationName = Release;
		};
		803CB8CA1EB8703E00964170 /* Build configuration list for PBXNativeTarget "20170502" */ = {
			isa = XCConfigurationList;
			buildConfigurations = (
				803CB8CB1EB8703E00964170 /* Debug */,
				803CB8CC1EB8703E00964170 /* Release */,
			);
			defaultConfigurationIsVisible = 0;
		};
		803CB8CD1EB8703E00964170 /* Build configuration list for PBXNativeTarget "20170502Tests" */ = {
			isa = XCConfigurationList;
			buildConfigurations = (
				803CB8CE1EB8703E00964170 /* Debug */,
				803CB8CF1EB8703E00964170 /* Release */,
			);
			defaultConfigurationIsVisible = 0;
		};
		803CB8D01EB8703E00964170 /* Build configuration list for PBXNativeTarget "20170502UITests" */ = {
			isa = XCConfigurationList;
			buildConfigurations = (
				803CB8D11EB8703E00964170 /* Debug */,
				803CB8D21EB8703E00964170 /* Release */,
			);
			defaultConfigurationIsVisible = 0;
		};
/* End XCConfigurationList section */
	};
	rootObject = 803CB89A1EB8703E00964170 /* Project object */;
}
